
Microsoft Visual Studio Solution File, Format Version 12.00
# Visual Studio Version 17
VisualStudioVersion = 17.6.33829.357
MinimumVisualStudioVersion = 10.0.40219.1
Project("{9A19103F-16F7-4668-BE54-9A1E7A4F7556}") = "FamilyBudget.API", "FamilyBudget.API\FamilyBudget.API.csproj", "{E9CC2E59-8E9D-453D-A25A-D0B0538CE7FF}"
EndProject
Project("{2150E333-8FDC-42A3-9474-1A3956D46DE8}") = "Solution Items", "Solution Items", "{CE2EF213-5246-409F-B9AD-58BA72C4F42F}"
	ProjectSection(SolutionItems) = preProject
		docker-compose.yml = docker-compose.yml
		run.bat = run.bat
	EndProjectSection
EndProject
Project("{9A19103F-16F7-4668-BE54-9A1E7A4F7556}") = "FamilyBudget.Model", "FamilyBudget.Model\FamilyBudget.Model.csproj", "{DF305644-B494-43AD-9341-B5DDB84CF9F9}"
EndProject
Global
	GlobalSection(SolutionConfigurationPlatforms) = preSolution
		Debug|Any CPU = Debug|Any CPU
		Release|Any CPU = Release|Any CPU
	EndGlobalSection
	GlobalSection(ProjectConfigurationPlatforms) = postSolution
		{E9CC2E59-8E9D-453D-A25A-D0B0538CE7FF}.Debug|Any CPU.ActiveCfg = Debug|Any CPU
		{E9CC2E59-8E9D-453D-A25A-D0B0538CE7FF}.Debug|Any CPU.Build.0 = Debug|Any CPU
		{E9CC2E59-8E9D-453D-A25A-D0B0538CE7FF}.Release|Any CPU.ActiveCfg = Release|Any CPU
		{E9CC2E59-8E9D-453D-A25A-D0B0538CE7FF}.Release|Any CPU.Build.0 = Release|Any CPU
		{DF305644-B494-43AD-9341-B5DDB84CF9F9}.Debug|Any CPU.ActiveCfg = Debug|Any CPU
		{DF305644-B494-43AD-9341-B5DDB84CF9F9}.Debug|Any CPU.Build.0 = Debug|Any CPU
		{DF305644-B494-43AD-9341-B5DDB84CF9F9}.Release|Any CPU.ActiveCfg = Release|Any CPU
		{DF305644-B494-43AD-9341-B5DDB84CF9F9}.Release|Any CPU.Build.0 = Release|Any CPU
	EndGlobalSection
	GlobalSection(SolutionProperties) = preSolution
		HideSolutionNode = FALSE
	EndGlobalSection
	GlobalSection(ExtensibilityGlobals) = postSolution
		SolutionGuid = {584FC77E-F1C4-4972-9B2E-7E3063078F6D}
	EndGlobalSection
EndGlobal
